# Exact package versions the reported results were produced with (Python 3.12.3, linux).
# Generated by `make lock`; used as pip constraints (pip install -c requirements.lock ...) by the
# Docker build. It constrains versions; it does not add dependencies.
annotated-doc==0.0.5
annotated-types==0.8.0
anyio==4.15.1
ast_serialize==0.11.2
boolean.py==5.0
CacheControl==0.14.4
certifi==2026.7.22
charset-normalizer==3.5.1
click==8.5.0
coverage==7.16.1
cyclonedx-python-lib==11.12.0
defusedxml==0.7.1
duckdb==1.5.5
fastapi==0.141.1
filelock==4.0.1
h11==0.16.0
holidays==0.105
httpcore==1.0.9
httpx==0.28.1
idna==3.20
iniconfig==2.3.0
librt==0.15.0
license-expression==30.4.4
lightgbm==4.7.0
markdown-it-py==4.2.0
mdurl==0.1.2
msgpack==1.2.2
mypy==2.3.1
mypy_extensions==1.1.0
narwhals==2.26.0
numpy==2.5.3
packageurl-python==0.17.6
packaging==26.3
pandas-stubs==3.0.5.260914
pandas==3.0.6
pathspec==1.1.1
pip-requirements-parser==32.0.1
pip_api==0.0.35
pip_audit==2.10.1
platformdirs==4.11.12
pluggy==1.6.0
py-serializable==2.1.0
pyarrow==25.0.1
pydantic==2.13.5
pydantic_core==2.46.5
Pygments==2.21.0
pyparsing==3.3.3
pytest-cov==7.1.0
pytest==9.1.1
python-dateutil==2.9.0.post0
requests==2.34.2
rich==15.0.0
ruff==0.16.8
scipy==1.18.1
six==1.17.0
sortedcontainers==2.4.0
starlette==1.7.0
tomli==2.4.1
tomli_w==1.2.0
typing-inspection==0.4.4
typing_extensions==4.16.0
urllib3==2.8.0
uvicorn==0.53.0
